// !$*UTF8*$!
{
	archiveVersion = 1;
	classes = {
	};
	objectVersion = 46;
	objects = {

/* Begin PBXBuildFile section */
		75C2B9271C789EB200F3B655 /* main.m in Sources */ = {isa = PBXBuildFile; fileRef = 75C2B9261C789EB200F3B655 /* main.m */; };
		75C2B92A1C789EB200F3B655 /* AppDelegate.m in Sources */ = {isa = PBXBuildFile; fileRef = 75C2B9291C789EB200F3B655 /* AppDelegate.m */; };
		75C2B92D1C789EB200F3B655 /* ViewController.m in Sources */ = {isa = PBXBuildFile; fileRef = 75C2B92C1C789EB200F3B655 /* ViewController.m */; };
		75C2B9301C789EB200F3B655 /* Main.storyboard in Resources */ = {isa = PBXBuildFile; fileRef = 75C2B92E1C789EB200F3B655 /* Main.storyboard */; };
		75C2B9321C789EB200F3B655 /* Assets.xcassets in Resources */ = {isa = PBXBuildFile; fileRef = 75C2B9311C789EB200F3B655 /* Assets.xcassets */; };
		75C2B9351C789EB200F3B655 /* LaunchScreen.storyboard in Resources */ = {isa = PBXBuildFile; fileRef = 75C2B9331C789EB200F3B655 /* LaunchScreen.storyboard */; };
		75C2B9401C789EB200F3B655 /* muzippaTests.m in Sources */ = {isa = PBXBuildFile; fileRef = 75C2B93F1C789EB200F3B655 /* muzippaTests.m */; };
		75C2B94B1C789EB200F3B655 /* muzippaUITests.m in Sources */ = {isa = PBXBuildFile; fileRef = 75C2B94A1C789EB200F3B655 /* muzippaUITests.m */; };
/* End PBXBuildFile section */

/* Begin PBXContainerItemProxy section */
		75C2B93C1C789EB200F3B655 /* PBXContainerItemProxy */ = {
			isa = PBXContainerItemProxy;
			containerPortal = 75C2B91A1C789EB200F3B655 /* Project object */;
			proxyType = 1;
			remoteGlobalIDString = 75C2B9211C789EB200F3B655;
			remoteInfo = muzippa;
		};
		75C2B9471C789EB200F3B655 /* PBXContainerItemProxy */ = {
			isa = PBXContainerItemProxy;
			containerPortal = 75C2B91A1C789EB200F3B655 /* Project object */;
			proxyType = 1;
			remoteGlobalIDString = 75C2B9211C789EB200F3B655;
			remoteInfo = muzippa;
		};
/* End PBXContainerItemProxy section */

/* Begin PBXFileReference section */
		75C2B9221C789EB200F3B655 /* muzippa.app */ = {isa = PBXFileReference; explicitFileType = wrapper.application; includeInIndex = 0; path = muzippa.app; sourceTree = BUILT_PRODUCTS_DIR; };
		75C2B9261C789EB200F3B655 /* main.m */ = {isa = PBXFileReference; lastKnownFileType = sourcecode.c.objc; path = main.m; sourceTree = "<group>"; };
		75C2B9281C789EB200F3B655 /* AppDelegate.h */ = {isa = PBXFileReference; lastKnownFileType = sourcecode.c.h; path = AppDelegate.h; sourceTree = "<group>"; };
		75C2B9291C789EB200F3B655 /* AppDelegate.m */ = {isa = PBXFileReference; lastKnownFileType = sourcecode.c.objc; path = AppDelegate.m; sourceTree = "<group>"; };
		75C2B92B1C789EB200F3B655 /* ViewController.h */ = {isa = PBXFileReference; lastKnownFileType = sourcecode.c.h; path = ViewController.h; sourceTree = "<group>"; };
		75C2B92C1C789EB200F3B655 /* ViewController.m */ = {isa = PBXFileReference; lastKnownFileType = sourcecode.c.objc; path = ViewController.m; sourceTree = "<group>"; };
		75C2B92F1C789EB200F3B655 /* Base */ = {isa = PBXFileReference; lastKnownFileType = file.storyboard; name = Base; path = Base.lproj/Main.storyboard; sourceTree = "<group>"; };
		75C2B9311C789EB200F3B655 /* Assets.xcassets */ = {isa = PBXFileReference; lastKnownFileType = folder.assetcatalog; path = Assets.xcassets; sourceTree = "<group>"; };
		75C2B9341C789EB200F3B655 /* Base */ = {isa = PBXFileReference; lastKnownFileType = file.storyboard; name = Base; path = Base.lproj/LaunchScreen.storyboard; sourceTree = "<group>"; };
		75C2B9361C789EB200F3B655 /* Info.plist */ = {isa = PBXFileReference; lastKnownFileType = text.plist.xml; path = Info.plist; sourceTree = "<group>"; };
		75C2B93B1C789EB200F3B655 /* muzippaTests.xctest */ = {isa = PBXFileReference; explicitFileType = wrapper.cfbundle; includeInIndex = 0; path = muzippaTests.xctest; sourceTree = BUILT_PRODUCTS_DIR; };
		75C2B93F1C789EB200F3B655 /* muzippaTests.m */ = {isa = PBXFileReference; lastKnownFileType = sourcecode.c.objc; path = muzippaTests.m; sourceTree = "<group>"; };
		75C2B9411C789EB200F3B655 /* Info.plist */ = {isa = PBXFileReference; lastKnownFileType = text.plist.xml; path = Info.plist; sourceTree = "<group>"; };
		75C2B9461C789EB200F3B655 /* muzippaUITests.xctest */ = {isa = PBXFileReference; explicitFileType = wrapper.cfbundle; includeInIndex = 0; path = muzippaUITests.xctest; sourceTree = BUILT_PRODUCTS_DIR; };
		75C2B94A1C789EB200F3B655 /* muzippaUITests.m */ = {isa = PBXFileReference; lastKnownFileType = sourcecode.c.objc; path = muzippaUITests.m; sourceTree = "<group>"; };
		75C2B94C1C789EB200F3B655 /* Info.plist */ = {isa = PBXFileReference; lastKnownFileType = text.plist.xml; path = Info.plist; sourceTree = "<group>"; };
/* End PBXFileReference section */

/* Begin PBXFrameworksBuildPhase section */
		75C2B91F1C789EB200F3B655 /* Frameworks */ = {
			isa = PBXFrameworksBuildPhase;
			buildActionMask = 2147483647;
			files = (
			);
			runOnlyForDeploymentPostprocessing = 0;
		};
		75C2B9381C789EB200F3B655 /* Frameworks */ = {
			isa = PBXFrameworksBuildPhase;
			buildActionMask = 2147483647;
			files = (
			);
			runOnlyForDeploymentPostprocessing = 0;
		};
		75C2B9431C789EB200F3B655 /* Frameworks */ = {
			isa = PBXFrameworksBuildPhase;
			buildActionMask = 2147483647;
			files = (
			);
			runOnlyForDeploymentPostprocessing = 0;
		};
/* End PBXFrameworksBuildPhase section */

/* Begin PBXGroup section */
		75C2B9191C789EB200F3B655 = {
			isa = PBXGroup;
			children = (
				75C2B9241C789EB200F3B655 /* muzippa */,
				75C2B93E1C789EB200F3B655 /* muzippaTests */,
				75C2B9491C789EB200F3B655 /* muzippaUITests */,
				75C2B9231C789EB200F3B655 /* Products */,
			);
			sourceTree = "<group>";
		};
		75C2B9231C789EB200F3B655 /* Products */ = {
			isa = PBXGroup;
			children = (
				75C2B9221C789EB200F3B655 /* muzippa.app */,
				75C2B93B1C789EB200F3B655 /* muzippaTests.xctest */,
				75C2B9461C789EB200F3B655 /* muzippaUITests.xctest */,
			);
			name = Products;
			sourceTree = "<group>";
		};
		75C2B9241C789EB200F3B655 /* muzippa */ = {
			isa = PBXGroup;
			children = (
				75C2B9281C789EB200F3B655 /* AppDelegate.h */,
				75C2B9291C789EB200F3B655 /* AppDelegate.m */,
				75C2B92B1C789EB200F3B655 /* ViewController.h */,
				75C2B92C1C789EB200F3B655 /* ViewController.m */,
				75C2B92E1C789EB200F3B655 /* Main.storyboard */,
				75C2B9311C789EB200F3B655 /* Assets.xcassets */,
				75C2B9331C789EB200F3B655 /* LaunchScreen.storyboard */,
				75C2B9361C789EB200F3B655 /* Info.plist */,
				75C2B9251C789EB200F3B655 /* Supporting Files */,
			);
			path = muzippa;
			sourceTree = "<group>";
		};
		75C2B9251C789EB200F3B655 /* Supporting Files */ = {
			isa = PBXGroup;
			children = (
				75C2B9261C789EB200F3B655 /* main.m */,
			);
			name = "Supporting Files";
			sourceTree = "<group>";
		};
		75C2B93E1C789EB200F3B655 /* muzippaTests */ = {
			isa = PBXGroup;
			children = (
				75C2B93F1C789EB200F3B655 /* muzippaTests.m */,
				75C2B9411C789EB200F3B655 /* Info.plist */,
			);
			path = muzippaTests;
			sourceTree = "<group>";
		};
		75C2B9491C789EB200F3B655 /* muzippaUITests */ = {
			isa = PBXGroup;
			children = (
				75C2B94A1C789EB200F3B655 /* muzippaUITests.m */,
				75C2B94C1C789EB200F3B655 /* Info.plist */,
			);
			path = muzippaUITests;
			sourceTree = "<group>";
		};
/* End PBXGroup section */

/* Begin PBXNativeTarget section */
		75C2B9211C789EB200F3B655 /* muzippa */ = {
			isa = PBXNativeTarget;
			buildConfigurationList = 75C2B94F1C789EB200F3B655 /* Build configuration list for PBXNativeTarget "muzippa" */;
			buildPhases = (
				75C2B91E1C789EB200F3B655 /* Sources */,
				75C2B91F1C789EB200F3B655 /* Frameworks */,
				75C2B9201C789EB200F3B655 /* Resources */,
			);
			buildRules = (
			);
			dependencies = (
			);
			name = muzippa;
			productName = muzippa;
			productReference = 75C2B9221C789EB200F3B655 /* muzippa.app */;
			productType = "com.apple.product-type.application";
		};
		75C2B93A1C789EB200F3B655 /* muzippaTests */ = {
			isa = PBXNativeTarget;
			buildConfigurationList = 75C2B9521C789EB200F3B655 /* Build configuration list for PBXNativeTarget "muzippaTests" */;
			buildPhases = (
				75C2B9371C789EB200F3B655 /* Sources */,
				75C2B9381C789EB200F3B655 /* Frameworks */,
				75C2B9391C789EB200F3B655 /* Resources */,
			);
			buildRules = (
			);
			dependencies = (
				75C2B93D1C789EB200F3B655 /* PBXTargetDependency */,
			);
			name = muzippaTests;
			productName = muzippaTests;
			productReference = 75C2B93B1C789EB200F3B655 /* muzippaTests.xctest */;
			productType = "com.apple.product-type.bundle.unit-test";
		};
		75C2B9451C789EB200F3B655 /* muzippaUITests */ = {
			isa = PBXNativeTarget;
			buildConfigurationList = 75C2B9551C789EB200F3B655 /* Build configuration list for PBXNativeTarget "muzippaUITests" */;
			buildPhases = (
				75C2B9421C789EB200F3B655 /* Sources */,
				75C2B9431C789EB200F3B655 /* Frameworks */,
				75C2B9441C789EB200F3B655 /* Resources */,
			);
			buildRules = (
			);
			dependencies = (
				75C2B9481C789EB200F3B655 /* PBXTargetDependency */,
			);
			name = muzippaUITests;
			productName = muzippaUITests;
			productReference = 75C2B9461C789EB200F3B655 /* muzippaUITests.xctest */;
			productType = "com.apple.product-type.bundle.ui-testing";
		};
/* End PBXNativeTarget section */

/* Begin PBXProject section */
		75C2B91A1C789EB200F3B655 /* Project object */ = {
			isa = PBXProject;
			attributes = {
				LastUpgradeCheck = 0720;
				ORGANIZATIONNAME = hizzang;
				TargetAttributes = {
					75C2B9211C789EB200F3B655 = {
						CreatedOnToolsVersion = 7.2.1;
					};
					75C2B93A1C789EB200F3B655 = {
						CreatedOnToolsVersion = 7.2.1;
						TestTargetID = 75C2B9211C789EB200F3B655;
					};
					75C2B9451C789EB200F3B655 = {
						CreatedOnToolsVersion = 7.2.1;
						TestTargetID = 75C2B9211C789EB200F3B655;
					};
				};
			};
			buildConfigurationList = 75C2B91D1C789EB200F3B655 /* Build configuration list for PBXProject "muzippa" */;
			compatibilityVersion = "Xcode 3.2";
			developmentRegion = English;
			hasScannedForEncodings = 0;
			knownRegions = (
				en,
				Base,
			);
			mainGroup = 75C2B9191C789EB200F3B655;
			productRefGroup = 75C2B9231C789EB200F3B655 /* Products */;
			projectDirPath = "";
			projectRoot = "";
			targets = (
				75C2B9211C789EB200F3B655 /* muzippa */,
				75C2B93A1C789EB200F3B655 /* muzippaTests */,
				75C2B9451C789EB200F3B655 /* muzippaUITests */,
			);
		};
/* End PBXProject section */

/* Begin PBXResourcesBuildPhase section */
		75C2B9201C789EB200F3B655 /* Resources */ = {
			isa = PBXResourcesBuildPhase;
			buildActionMask = 2147483647;
			files = (
				75C2B9351C789EB200F3B655 /* LaunchScreen.storyboard in Resources */,
				75C2B9321C789EB200F3B655 /* Assets.xcassets in Resources */,
				75C2B9301C789EB200F3B655 /* Main.storyboard in Resources */,
			);
			runOnlyForDeploymentPostprocessing = 0;
		};
		75C2B9391C789EB200F3B655 /* Resources */ = {
			isa = PBXResourcesBuildPhase;
			buildActionMask = 2147483647;
			files = (
			);
			runOnlyForDeploymentPostprocessing = 0;
		};
		75C2B9441C789EB200F3B655 /* Resources */ = {
			isa = PBXResourcesBuildPhase;
			buildActionMask = 2147483647;
			files = (
			);
			runOnlyForDeploymentPostprocessing = 0;
		};
/* End PBXResourcesBuildPhase section */

/* Begin PBXSourcesBuildPhase section */
		75C2B91E1C789EB200F3B655 /* Sources */ = {
			isa = PBXSourcesBuildPhase;
			buildActionMask = 2147483647;
			files = (
				75C2B92D1C789EB200F3B655 /* ViewController.m in Sources */,
				75C2B92A1C789EB200F3B655 /* AppDelegate.m in Sources */,
				75C2B9271C789EB200F3B655 /* main.m in Sources */,
			);
			runOnlyForDeploymentPostprocessing = 0;
		};
		75C2B9371C789EB200F3B655 /* Sources */ = {
			isa = PBXSourcesBuildPhase;
			buildActionMask = 2147483647;
			files = (
				75C2B9401C789EB200F3B655 /* muzippaTests.m in Sources */,
			);
			runOnlyForDeploymentPostprocessing = 0;
		};
		75C2B9421C789EB200F3B655 /* Sources */ = {
			isa = PBXSourcesBuildPhase;
			buildActionMask = 2147483647;
			files = (
				75C2B94B1C789EB200F3B655 /* muzippaUITests.m in Sources */,
			);
			runOnlyForDeploymentPostprocessing = 0;
		};
/* End PBXSourcesBuildPhase section */

/* Begin PBXTargetDependency section */
		75C2B93D1C789EB200F3B655 /* PBXTargetDependency */ = {
			isa = PBXTargetDependency;
			target = 75C2B9211C789EB200F3B655 /* muzippa */;
			targetProxy = 75C2B93C1C789EB200F3B655 /* PBXContainerItemProxy */;
		};
		75C2B9481C789EB200F3B655 /* PBXTargetDependency */ = {
			isa = PBXTargetDependency;
			target = 75C2B9211C789EB200F3B655 /* muzippa */;
			targetProxy = 75C2B9471C789EB200F3B655 /* PBXContainerItemProxy */;
		};
/* End PBXTargetDependency section */

/* Begin PBXVariantGroup section */
		75C2B92E1C789EB200F3B655 /* Main.storyboard */ = {
			isa = PBXVariantGroup;
			children = (
				75C2B92F1C789EB200F3B655 /* Base */,
			);
			name = Main.storyboard;
			sourceTree = "<group>";
		};
		75C2B9331C789EB200F3B655 /* LaunchScreen.storyboard */ = {
			isa = PBXVariantGroup;
			children = (
				75C2B9341C789EB200F3B655 /* Base */,
			);
			name = LaunchScreen.storyboard;
			sourceTree = "<group>";
		};
/* End PBXVariantGroup section */

/* Begin XCBuildConfiguration section */
		75C2B94D1C789EB200F3B655 /* Debug */ = {
			isa = XCBuildConfiguration;
			buildSettings = {
				ALWAYS_SEARCH_USER_PATHS = NO;
				CLANG_CXX_LANGUAGE_STANDARD = "gnu++0x";
				CLANG_CXX_LIBRARY = "libc++";
				CLANG_ENABLE_MODULES = YES;
				CLANG_ENABLE_OBJC_ARC = YES;
				CLANG_WARN_BOOL_CONVERSION = YES;
				CLANG_WARN_CONSTANT_CONVERSION = YES;
				CLANG_WARN_DIRECT_OBJC_ISA_USAGE = YES_ERROR;
				CLANG_WARN_EMPTY_BODY = YES;
				CLANG_WARN_ENUM_CONVERSION = YES;
				CLANG_WARN_INT_CONVERSION = YES;
				CLANG_WARN_OBJC_ROOT_CLASS = YES_ERROR;
				CLANG_WARN_UNREACHABLE_CODE = YES;
				CLANG_WARN__DUPLICATE_METHOD_MATCH = YES;
				"CODE_SIGN_IDENTITY[sdk=iphoneos*]" = "iPhone Developer";
				COPY_PHASE_STRIP = NO;
				DEBUG_INFORMATION_FORMAT = dwarf;
				ENABLE_STRICT_OBJC_MSGSEND = YES;
				ENABLE_TESTABILITY = YES;
				GCC_C_LANGUAGE_STANDARD = gnu99;
				GCC_DYNAMIC_NO_PIC = NO;
				GCC_NO_COMMON_BLOCKS = YES;
				GCC_OPTIMIZATION_LEVEL = 0;
				GCC_PREPROCESSOR_DEFINITIONS = (
					"DEBUG=1",
					"$(inherited)",
				);
				GCC_WARN_64_TO_32_BIT_CONVERSION = YES;
				GCC_WARN_ABOUT_RETURN_TYPE = YES_ERROR;
				GCC_WARN_UNDECLARED_SELECTOR = YES;
				GCC_WARN_UNINITIALIZED_AUTOS = YES_AGGRESSIVE;
				GCC_WARN_UNUSED_FUNCTION = YES;
				GCC_WARN_UNUSED_VARIABLE = YES;
				IPHONEOS_DEPLOYMENT_TARGET = 9.2;
				MTL_ENABLE_DEBUG_INFO = YES;
				ONLY_ACTIVE_ARCH = YES;
				SDKROOT = iphoneos;
			};
			name = Debug;
		};
		75C2B94E1C789EB200F3B655 /* Release */ = {
			isa = XCBuildConfiguration;
			buildSettings = {
				ALWAYS_SEARCH_USER_PATHS = NO;
				CLANG_CXX_LANGUAGE_STANDARD = "gnu++0x";
				CLANG_CXX_LIBRARY = "libc++";
				CLANG_ENABLE_MODULES = YES;
				CLANG_ENABLE_OBJC_ARC = YES;
				CLANG_WARN_BOOL_CONVERSION = YES;
				CLANG_WARN_CONSTANT_CONVERSION = YES;
				CLANG_WARN_DIRECT_OBJC_ISA_USAGE = YES_ERROR;
				CLANG_WARN_EMPTY_BODY = YES;
				CLANG_WARN_ENUM_CONVERSION = YES;
				CLANG_WARN_INT_CONVERSION = YES;
				CLANG_WARN_OBJC_ROOT_CLASS = YES_ERROR;
				CLANG_WARN_UNREACHABLE_CODE = YES;
				CLANG_WARN__DUPLICATE_METHOD_MATCH = YES;
				"CODE_SIGN_IDENTITY[sdk=iphoneos*]" = "iPhone Developer";
				COPY_PHASE_STRIP = NO;
				DEBUG_INFORMATION_FORMAT = "dwarf-with-dsym";
				ENABLE_NS_ASSERTIONS = NO;
				ENABLE_STRICT_OBJC_MSGSEND = YES;
				GCC_C_LANGUAGE_STANDARD = gnu99;
				GCC_NO_COMMON_BLOCKS = YES;
				GCC_WARN_64_TO_32_BIT_CONVERSION = YES;
				GCC_WARN_ABOUT_RETURN_TYPE = YES_ERROR;
				GCC_WARN_UNDECLARED_SELECTOR = YES;
				GCC_WARN_UNINITIALIZED_AUTOS = YES_AGGRESSIVE;
				GCC_WARN_UNUSED_FUNCTION = YES;
				GCC_WARN_UNUSED_VARIABLE = YES;
				IPHONEOS_DEPLOYMENT_TARGET = 9.2;
				MTL_ENABLE_DEBUG_INFO = NO;
				SDKROOT = iphoneos;
				VALIDATE_PRODUCT = YES;
			};
			name = Release;
		};
		75C2B9501C789EB200F3B655 /* Debug */ = {
			isa = XCBuildConfiguration;
			buildSettings = {
				ASSETCATALOG_COMPILER_APPICON_NAME = AppIcon;
				INFOPLIST_FILE = muzippa/Info.plist;
				LD_RUNPATH_SEARCH_PATHS = "$(inherited) @executable_path/Frameworks";
				PRODUCT_BUNDLE_IDENTIFIER = net.hizzang.muzippa;
				PRODUCT_NAME = "$(TARGET_NAME)";
			};
			name = Debug;
		};
		75C2B9511C789EB200F3B655 /* Release */ = {
			isa = XCBuildConfiguration;
			buildSettings = {
				ASSETCATALOG_COMPILER_APPICON_NAME = AppIcon;
				INFOPLIST_FILE = muzippa/Info.plist;
				LD_RUNPATH_SEARCH_PATHS = "$(inherited) @executable_path/Frameworks";
				PRODUCT_BUNDLE_IDENTIFIER = net.hizzang.muzippa;
				PRODUCT_NAME = "$(TARGET_NAME)";
			};
			name = Release;
		};
		75C2B9531C789EB200F3B655 /* Debug */ = {
			isa = XCBuildConfiguration;
			buildSettings = {
				BUNDLE_LOADER = "$(TEST_HOST)";
				INFOPLIST_FILE = muzippaTests/Info.plist;
				LD_RUNPATH_SEARCH_PATHS = "$(inherited) @executable_path/Frameworks @loader_path/Frameworks";
				PRODUCT_BUNDLE_IDENTIFIER = net.hizzang.muzippaTests;
				PRODUCT_NAME = "$(TARGET_NAME)";
				TEST_HOST = "$(BUILT_PRODUCTS_DIR)/muzippa.app/muzippa";
			};
			name = Debug;
		};
		75C2B9541C789EB200F3B655 /* Release */ = {
			isa = XCBuildConfiguration;
			buildSettings = {
				BUNDLE_LOADER = "$(TEST_HOST)";
				INFOPLIST_FILE = muzippaTests/Info.plist;
				LD_RUNPATH_SEARCH_PATHS = "$(inherited) @executable_path/Frameworks @loader_path/Frameworks";
				PRODUCT_BUNDLE_IDENTIFIER = net.hizzang.muzippaTests;
				PRODUCT_NAME = "$(TARGET_NAME)";
				TEST_HOST = "$(BUILT_PRODUCTS_DIR)/muzippa.app/muzippa";
			};
			name = Release;
		};
		75C2B9561C789EB200F3B655 /* Debug */ = {
			isa = XCBuildConfiguration;
			buildSettings = {
				INFOPLIST_FILE = muzippaUITests/Info.plist;
				LD_RUNPATH_SEARCH_PATHS = "$(inherited) @executable_path/Frameworks @loader_path/Frameworks";
				PRODUCT_BUNDLE_IDENTIFIER = net.hizzang.muzippaUITests;
				PRODUCT_NAME = "$(TARGET_NAME)";
				TEST_TARGET_NAME = muzippa;
				USES_XCTRUNNER = YES;
			};
			name = Debug;
		};
		75C2B9571C789EB200F3B655 /* Release */ = {
			isa = XCBuildConfiguration;
			buildSettings = {
				INFOPLIST_FILE = muzippaUITests/Info.plist;
				LD_RUNPATH_SEARCH_PATHS = "$(inherited) @executable_path/Frameworks @loader_path/Frameworks";
				PRODUCT_BUNDLE_IDENTIFIER = net.hizzang.muzippaUITests;
				PRODUCT_NAME = "$(TARGET_NAME)";
				TEST_TARGET_NAME = muzippa;
				USES_XCTRUNNER = YES;
			};
			name = Release;
		};
/* End XCBuildConfiguration section */

/* Begin XCConfigurationList section */
		75C2B91D1C789EB200F3B655 /* Build configuration list for PBXProject "muzippa" */ = {
			isa = XCConfigurationList;
			buildConfigurations = (
				75C2B94D1C789EB200F3B655 /* Debug */,
				75C2B94E1C789EB200F3B655 /* Release */,
			);
			defaultConfigurationIsVisible = 0;
			defaultConfigurationName = Release;
		};
		75C2B94F1C789EB200F3B655 /* Build configuration list for PBXNativeTarget "muzippa" */ = {
			isa = XCConfigurationList;
			buildConfigurations = (
				75C2B9501C789EB200F3B655 /* Debug */,
				75C2B9511C789EB200F3B655 /* Release */,
			);
			defaultConfigurationIsVisible = 0;
		};
		75C2B9521C789EB200F3B655 /* Build configuration list for PBXNativeTarget "muzippaTests" */ = {
			isa = XCConfigurationList;
			buildConfigurations = (
				75C2B9531C789EB200F3B655 /* Debug */,
				75C2B9541C789EB200F3B655 /* Release */,
			);
			defaultConfigurationIsVisible = 0;
		};
		75C2B9551C789EB200F3B655 /* Build configuration list for PBXNativeTarget "muzippaUITests" */ = {
			isa = XCConfigurationList;
			buildConfigurations = (
				75C2B9561C789EB200F3B655 /* Debug */,
				75C2B9571C789EB200F3B655 /* Release */,
			);
			defaultConfigurationIsVisible = 0;
		};
/* End XCConfigurationList section */
	};
	rootObject = 75C2B91A1C789EB200F3B655 /* Project object */;
}
